
Microsoft Visual Studio Solution File, Format Version 12.00
# Visual Studio Version 17
VisualStudioVersion = 17.2.32516.85
MinimumVisualStudioVersion = 10.0.40219.1
Project("{FAE04EC0-301F-11D3-BF4B-00C04F79EFBC}") = "exercise2", "exercise2.csproj", "{B790D764-B965-4A83-994E-7B42D7D01480}"
EndProject
Global
	GlobalSection(SolutionConfigurationPlatforms) = preSolution
		Debug|Any CPU = Debug|Any CPU
		Release|Any CPU = Release|Any CPU
	EndGlobalSection
	GlobalSection(ProjectConfigurationPlatforms) = postSolution
		{B790D764-B965-4A83-994E-7B42D7D01480}.Debug|Any CPU.ActiveCfg = Debug|Any CPU
		{B790D764-B965-4A83-994E-7B42D7D01480}.Debug|Any CPU.Build.0 = Debug|Any CPU
		{B790D764-B965-4A83-994E-7B42D7D01480}.Release|Any CPU.ActiveCfg = Release|Any CPU
		{B790D764-B965-4A83-994E-7B42D7D01480}.Release|Any CPU.Build.0 = Release|Any CPU
	EndGlobalSection
	GlobalSection(SolutionProperties) = preSolution
		HideSolutionNode = FALSE
	EndGlobalSection
	GlobalSection(ExtensibilityGlobals) = postSolution
		SolutionGuid = {813DBD6F-8259-45FF-A11B-C01F21620940}
	EndGlobalSection
EndGlobal
