
Microsoft Visual Studio Solution File, Format Version 12.00
# Visual Studio Version 17
VisualStudioVersion = 17.2.32516.85
MinimumVisualStudioVersion = 10.0.40219.1
Project("{FAE04EC0-301F-11D3-BF4B-00C04F79EFBC}") = "exercise1", "exercise1.csproj", "{D8D2F8A3-6374-4891-9AA2-18B4D7CD7E23}"
EndProject
Global
	GlobalSection(SolutionConfigurationPlatforms) = preSolution
		Debug|Any CPU = Debug|Any CPU
		Release|Any CPU = Release|Any CPU
	EndGlobalSection
	GlobalSection(ProjectConfigurationPlatforms) = postSolution
		{D8D2F8A3-6374-4891-9AA2-18B4D7CD7E23}.Debug|Any CPU.ActiveCfg = Debug|Any CPU
		{D8D2F8A3-6374-4891-9AA2-18B4D7CD7E23}.Debug|Any CPU.Build.0 = Debug|Any CPU
		{D8D2F8A3-6374-4891-9AA2-18B4D7CD7E23}.Release|Any CPU.ActiveCfg = Release|Any CPU
		{D8D2F8A3-6374-4891-9AA2-18B4D7CD7E23}.Release|Any CPU.Build.0 = Release|Any CPU
	EndGlobalSection
	GlobalSection(SolutionProperties) = preSolution
		HideSolutionNode = FALSE
	EndGlobalSection
	GlobalSection(ExtensibilityGlobals) = postSolution
		SolutionGuid = {756DA7CA-2E2B-4489-855A-1E05B22E07B8}
	EndGlobalSection
EndGlobal
